{
  "nodes": {
    "agenix": {
      "inputs": {
        "darwin": "darwin",
        "nixpkgs": [
          "nixpkgs"
        ]
      },
      "locked": {
        "lastModified": 1675176355,
        "narHash": "sha256-Qjxh5cmN56siY97mzmBLI1+cdjXSPqmfPVsKxBvHmwI=",
        "owner": "ryantm",
        "repo": "agenix",
        "rev": "b7ffcfe77f817d9ee992640ba1f270718d197f28",
        "type": "github"
      },
      "original": {
        "owner": "ryantm",
        "repo": "agenix",
        "type": "github"
      }
    },
    "base16": {
      "inputs": {
        "nixpkgs": [
          "nixpkgs"
        ]
      },
      "locked": {
        "lastModified": 1658847131,
        "narHash": "sha256-X6Mml7cT0YR3WCD5fkUhpRVV5ZPcwdcDsND8r8xMqTE=",
        "owner": "SenchoPens",
        "repo": "base16.nix",
        "rev": "6b404cda2e04ca3cf5ca7b877af9c469e1386acb",
        "type": "github"
      },
      "original": {
        "owner": "SenchoPens",
        "repo": "base16.nix",
        "type": "github"
      }
    },
    "base16-schemes": {
      "flake": false,
      "locked": {
        "lastModified": 1671208311,
        "narHash": "sha256-U9pfie3qABp5sTr3M9ga/jX8C807FeiXlmEZnC4ZM58=",
        "owner": "base16-project",
        "repo": "base16-schemes",
        "rev": "cf6bc892a24af19e11383adedc6ce7901f133ea7",
        "type": "github"
      },
      "original": {
        "owner": "base16-project",
        "repo": "base16-schemes",
        "type": "github"
      }
    },
    "darwin": {
      "inputs": {
        "nixpkgs": [
          "agenix",
          "nixpkgs"
        ]
      },
      "locked": {
        "lastModified": 1673295039,
        "narHash": "sha256-AsdYgE8/GPwcelGgrntlijMg4t3hLFJFCRF3tL5WVjA=",
        "owner": "lnl7",
        "repo": "nix-darwin",
        "rev": "87b9d090ad39b25b2400029c64825fc2a8868943",
        "type": "github"
      },
      "original": {
        "owner": "lnl7",
        "ref": "master",
        "repo": "nix-darwin",
        "type": "github"
      }
    },
    "emacs-overlay": {
      "inputs": {
        "flake-utils": "flake-utils",
        "nixpkgs": "nixpkgs"
      },
      "locked": {
        "lastModified": 1675479964,
        "narHash": "sha256-j8zaVrRijKkpXl6SPRDJYvsXbBC7WE2d3zrx7T/wq8k=",
        "owner": "nix-community",
        "repo": "emacs-overlay",
        "rev": "c48c89261905dcf10c4824d531b0d8e5bb09ef8a",
        "type": "github"
      },
      "original": {
        "owner": "nix-community",
        "repo": "emacs-overlay",
        "type": "github"
      }
    },
    "flake-utils": {
      "locked": {
        "lastModified": 1667395993,
        "narHash": "sha256-nuEHfE/LcWyuSWnS8t12N1wc105Qtau+/OdUAjtQ0rA=",
        "owner": "numtide",
        "repo": "flake-utils",
        "rev": "5aed5285a952e0b949eb3ba02c12fa4fcfef535f",
        "type": "github"
      },
      "original": {
        "owner": "numtide",
        "repo": "flake-utils",
        "type": "github"
      }
    },
    "home-manager": {
      "inputs": {
        "nixpkgs": [
          "nixpkgs"
        ],
        "utils": "utils"
      },
      "locked": {
        "lastModified": 1675462931,
        "narHash": "sha256-JiOUSERBtA1lN/s9YTKGZoZ3XUicHDwr+C8swaPSh3M=",
        "owner": "rycee",
        "repo": "home-manager",
        "rev": "e2c1756e3ae001ca8696912016dd31cb1503ccf3",
        "type": "github"
      },
      "original": {
        "owner": "rycee",
        "ref": "master",
        "repo": "home-manager",
        "type": "github"
      }
    },
    "nixpkgs": {
      "locked": {
        "lastModified": 1673540789,
        "narHash": "sha256-xqnxBOK3qctIeUVxecydrEDbEXjsvHCPGPbvsl63M/U=",
        "owner": "NixOS",
        "repo": "nixpkgs",
        "rev": "0f213d0fee84280d8c3a97f7469b988d6fe5fcdf",
        "type": "github"
      },
      "original": {
        "owner": "NixOS",
        "ref": "nixos-unstable",
        "repo": "nixpkgs",
        "type": "github"
      }
    },
    "nixpkgs_2": {
      "locked": {
        "lastModified": 1675362331,
        "narHash": "sha256-VmcnKPj5gJLxWK7Bxlhg2LoQvhKRss7Ax+uoFjd3qKY=",
        "owner": "NixOS",
        "repo": "nixpkgs",
        "rev": "a100acd7bbf105915b0004427802286c37738fef",
        "type": "github"
      },
      "original": {
        "id": "nixpkgs",
        "ref": "nixos-unstable",
        "type": "indirect"
      }
    },
    "nur": {
      "locked": {
        "lastModified": 1675662331,
        "narHash": "sha256-lM5VQ+wcSSoom5ErG02Z4powVb9cycbikwR01Ui02qw=",
        "owner": "nix-community",
        "repo": "nur",
        "rev": "25b2e89ce39e5d2da0349bda386c0aeb16b6782b",
        "type": "github"
      },
      "original": {
        "owner": "nix-community",
        "repo": "nur",
        "type": "github"
      }
    },
    "root": {
      "inputs": {
        "agenix": "agenix",
        "base16": "base16",
        "base16-schemes": "base16-schemes",
        "emacs-overlay": "emacs-overlay",
        "home-manager": "home-manager",
        "nixpkgs": "nixpkgs_2",
        "nur": "nur"
      }
    },
    "utils": {
      "locked": {
        "lastModified": 1667395993,
        "narHash": "sha256-nuEHfE/LcWyuSWnS8t12N1wc105Qtau+/OdUAjtQ0rA=",
        "owner": "numtide",
        "repo": "flake-utils",
        "rev": "5aed5285a952e0b949eb3ba02c12fa4fcfef535f",
        "type": "github"
      },
      "original": {
        "owner": "numtide",
        "repo": "flake-utils",
        "type": "github"
      }
    }
  },
  "root": "root",
  "version": 7
}
